<Solution>
  <Folder Name="/Transpose/">
    <Project Path="Transpose/Transpose.Compiler/Transpose.Compiler.csproj" />
    <Project Path="Transpose/Transpose.Template/Transpose.Template.csproj" />
    <Project Path="Transpose/Transpose.Translator.Tests/Transpose.Translator.Tests.csproj" />
    <Project Path="Transpose/Transpose.Translator/Transpose.Translator.csproj" />
  </Folder>
</Solution>
